
Microsoft Visual Studio Solution File, Format Version 11.00
# Visual Studio 2010
Project("{FAE04EC0-301F-11D3-BF4B-00C04F79EFBC}") = "Applications", "Applications\Applications.csproj", "{D0ADBD32-4FBD-47E1-8781-0C065D005C79}"
EndProject
Global
	GlobalSection(SolutionConfigurationPlatforms) = preSolution
		Debug|Any CPU = Debug|Any CPU
		Release|Any CPU = Release|Any CPU
	EndGlobalSection
	GlobalSection(ProjectConfigurationPlatforms) = postSolution
		{D0ADBD32-4FBD-47E1-8781-0C065D005C79}.Debug|Any CPU.ActiveCfg = Debug|Any CPU
		{D0ADBD32-4FBD-47E1-8781-0C065D005C79}.Debug|Any CPU.Build.0 = Debug|Any CPU
		{D0ADBD32-4FBD-47E1-8781-0C065D005C79}.Release|Any CPU.ActiveCfg = Release|Any CPU
		{D0ADBD32-4FBD-47E1-8781-0C065D005C79}.Release|Any CPU.Build.0 = Release|Any CPU
	EndGlobalSection
	GlobalSection(SolutionProperties) = preSolution
		HideSolutionNode = FALSE
	EndGlobalSection
EndGlobal
